
Microsoft Visual Studio Solution File, Format Version 12.00
# Visual Studio Version 17
VisualStudioVersion = 17.13.35919.96 d17.13
MinimumVisualStudioVersion = 10.0.40219.1
Project("{FAE04EC0-301F-11D3-BF4B-00C04F79EFBC}") = "Ventixe-EventService", "Ventixe-EventService\Ventixe-EventService.csproj", "{6674853C-15AD-4653-B482-BD1BC0F336F5}"
EndProject
Project("{FAE04EC0-301F-11D3-BF4B-00C04F79EFBC}") = "Ventixe.BookingService", "Ventixe.BookingService\Ventixe.BookingService.csproj", "{5DC5E7F7-7BF1-4D47-A48C-A081E1B16E3B}"
EndProject
Global
	GlobalSection(SolutionConfigurationPlatforms) = preSolution
		Debug|Any CPU = Debug|Any CPU
		Release|Any CPU = Release|Any CPU
	EndGlobalSection
	GlobalSection(ProjectConfigurationPlatforms) = postSolution
		{6674853C-15AD-4653-B482-BD1BC0F336F5}.Debug|Any CPU.ActiveCfg = Debug|Any CPU
		{6674853C-15AD-4653-B482-BD1BC0F336F5}.Debug|Any CPU.Build.0 = Debug|Any CPU
		{6674853C-15AD-4653-B482-BD1BC0F336F5}.Release|Any CPU.ActiveCfg = Release|Any CPU
		{6674853C-15AD-4653-B482-BD1BC0F336F5}.Release|Any CPU.Build.0 = Release|Any CPU
		{5DC5E7F7-7BF1-4D47-A48C-A081E1B16E3B}.Debug|Any CPU.ActiveCfg = Debug|Any CPU
		{5DC5E7F7-7BF1-4D47-A48C-A081E1B16E3B}.Debug|Any CPU.Build.0 = Debug|Any CPU
		{5DC5E7F7-7BF1-4D47-A48C-A081E1B16E3B}.Release|Any CPU.ActiveCfg = Release|Any CPU
		{5DC5E7F7-7BF1-4D47-A48C-A081E1B16E3B}.Release|Any CPU.Build.0 = Release|Any CPU
	EndGlobalSection
	GlobalSection(SolutionProperties) = preSolution
		HideSolutionNode = FALSE
	EndGlobalSection
	GlobalSection(ExtensibilityGlobals) = postSolution
		SolutionGuid = {6F2FCC22-421D-43C4-9E78-7E90F43C7AD8}
	EndGlobalSection
EndGlobal
